{
  "requires": true,
  "lockfileVersion": 1,
  "dependencies": {
    "@syncfusion/ej2-base": {
      "version": "16.4.52",
      "resolved": "https://registry.npmjs.org/@syncfusion/ej2-base/-/ej2-base-16.4.52.tgz",
      "integrity": "sha512-Gd1IrXkuqGccKckpFgURam8tzDeo2ruMCz/iQcBx5aMnLmrnZo6UmwCH5xHFsiGrqb6BTNuVSG1MLj2If0w1/g=="
    },
    "@syncfusion/ej2-layouts": {
      "version": "16.4.55",
      "resolved": "https://registry.npmjs.org/@syncfusion/ej2-layouts/-/ej2-layouts-16.4.55.tgz",
      "integrity": "sha512-vU748fX+3bNqu3MVRD/QjTspl2xJ+FziZQVgaeXjpLD2SupWcftcTxR+02J2hUrv2Zy2YVFHbAonb2+X1v4pGQ==",
      "requires": {
        "@syncfusion/ej2-base": "~16.4.52"
      }
    }
  }
}
